// !$*UTF8*$!
{
	archiveVersion = 1;
	classes = {
	};
	objectVersion = 55;
	objects = {

/* Begin PBXBuildFile section */
		98593DFE283CC75C00B28960 /* AppDelegate.swift in Sources */ = {isa = PBXBuildFile; fileRef = 98593DFD283CC75C00B28960 /* AppDelegate.swift */; };
		98593E00283CC75C00B28960 /* SceneDelegate.swift in Sources */ = {isa = PBXBuildFile; fileRef = 98593DFF283CC75C00B28960 /* SceneDelegate.swift */; };
		98593E02283CC75C00B28960 /* ViewController.swift in Sources */ = {isa = PBXBuildFile; fileRef = 98593E01283CC75C00B28960 /* ViewController.swift */; };
		98593E07283CC75D00B28960 /* Assets.xcassets in Resources */ = {isa = PBXBuildFile; fileRef = 98593E06283CC75D00B28960 /* Assets.xcassets */; };
		98593E0A283CC75D00B28960 /* LaunchScreen.storyboard in Resources */ = {isa = PBXBuildFile; fileRef = 98593E08283CC75D00B28960 /* LaunchScreen.storyboard */; };
		98593E15283CC75D00B28960 /* AirbnbTests.swift in Sources */ = {isa = PBXBuildFile; fileRef = 98593E14283CC75D00B28960 /* AirbnbTests.swift */; };
		98593E1F283CC75D00B28960 /* AirbnbUITests.swift in Sources */ = {isa = PBXBuildFile; fileRef = 98593E1E283CC75D00B28960 /* AirbnbUITests.swift */; };
		98593E21283CC75D00B28960 /* AirbnbUITestsLaunchTests.swift in Sources */ = {isa = PBXBuildFile; fileRef = 98593E20283CC75D00B28960 /* AirbnbUITestsLaunchTests.swift */; };
		B5093530283DCB490017C8E0 /* PositionSearchViewController.swift in Sources */ = {isa = PBXBuildFile; fileRef = B509352F283DCB490017C8E0 /* PositionSearchViewController.swift */; };
/* End PBXBuildFile section */

/* Begin PBXContainerItemProxy section */
		98593E11283CC75D00B28960 /* PBXContainerItemProxy */ = {
			isa = PBXContainerItemProxy;
			containerPortal = 98593DF2283CC75C00B28960 /* Project object */;
			proxyType = 1;
			remoteGlobalIDString = 98593DF9283CC75C00B28960;
			remoteInfo = Airbnb;
		};
		98593E1B283CC75D00B28960 /* PBXContainerItemProxy */ = {
			isa = PBXContainerItemProxy;
			containerPortal = 98593DF2283CC75C00B28960 /* Project object */;
			proxyType = 1;
			remoteGlobalIDString = 98593DF9283CC75C00B28960;
			remoteInfo = Airbnb;
		};
/* End PBXContainerItemProxy section */

/* Begin PBXFileReference section */
		98593DFA283CC75C00B28960 /* Airbnb.app */ = {isa = PBXFileReference; explicitFileType = wrapper.application; includeInIndex = 0; path = Airbnb.app; sourceTree = BUILT_PRODUCTS_DIR; };
		98593DFD283CC75C00B28960 /* AppDelegate.swift */ = {isa = PBXFileReference; lastKnownFileType = sourcecode.swift; path = AppDelegate.swift; sourceTree = "<group>"; };
		98593DFF283CC75C00B28960 /* SceneDelegate.swift */ = {isa = PBXFileReference; lastKnownFileType = sourcecode.swift; path = SceneDelegate.swift; sourceTree = "<group>"; };
		98593E01283CC75C00B28960 /* ViewController.swift */ = {isa = PBXFileReference; lastKnownFileType = sourcecode.swift; path = ViewController.swift; sourceTree = "<group>"; };
		98593E06283CC75D00B28960 /* Assets.xcassets */ = {isa = PBXFileReference; lastKnownFileType = folder.assetcatalog; path = Assets.xcassets; sourceTree = "<group>"; };
		98593E09283CC75D00B28960 /* Base */ = {isa = PBXFileReference; lastKnownFileType = file.storyboard; name = Base; path = Base.lproj/LaunchScreen.storyboard; sourceTree = "<group>"; };
		98593E0B283CC75D00B28960 /* Info.plist */ = {isa = PBXFileReference; lastKnownFileType = text.plist.xml; path = Info.plist; sourceTree = "<group>"; };
		98593E10283CC75D00B28960 /* AirbnbTests.xctest */ = {isa = PBXFileReference; explicitFileType = wrapper.cfbundle; includeInIndex = 0; path = AirbnbTests.xctest; sourceTree = BUILT_PRODUCTS_DIR; };
		98593E14283CC75D00B28960 /* AirbnbTests.swift */ = {isa = PBXFileReference; lastKnownFileType = sourcecode.swift; path = AirbnbTests.swift; sourceTree = "<group>"; };
		98593E1A283CC75D00B28960 /* AirbnbUITests.xctest */ = {isa = PBXFileReference; explicitFileType = wrapper.cfbundle; includeInIndex = 0; path = AirbnbUITests.xctest; sourceTree = BUILT_PRODUCTS_DIR; };
		98593E1E283CC75D00B28960 /* AirbnbUITests.swift */ = {isa = PBXFileReference; lastKnownFileType = sourcecode.swift; path = AirbnbUITests.swift; sourceTree = "<group>"; };
		98593E20283CC75D00B28960 /* AirbnbUITestsLaunchTests.swift */ = {isa = PBXFileReference; lastKnownFileType = sourcecode.swift; path = AirbnbUITestsLaunchTests.swift; sourceTree = "<group>"; };
		B509352F283DCB490017C8E0 /* PositionSearchViewController.swift */ = {isa = PBXFileReference; lastKnownFileType = sourcecode.swift; path = PositionSearchViewController.swift; sourceTree = "<group>"; };
/* End PBXFileReference section */

/* Begin PBXFrameworksBuildPhase section */
		98593DF7283CC75C00B28960 /* Frameworks */ = {
			isa = PBXFrameworksBuildPhase;
			buildActionMask = 2147483647;
			files = (
			);
			runOnlyForDeploymentPostprocessing = 0;
		};
		98593E0D283CC75D00B28960 /* Frameworks */ = {
			isa = PBXFrameworksBuildPhase;
			buildActionMask = 2147483647;
			files = (
			);
			runOnlyForDeploymentPostprocessing = 0;
		};
		98593E17283CC75D00B28960 /* Frameworks */ = {
			isa = PBXFrameworksBuildPhase;
			buildActionMask = 2147483647;
			files = (
			);
			runOnlyForDeploymentPostprocessing = 0;
		};
/* End PBXFrameworksBuildPhase section */

/* Begin PBXGroup section */
		98593DF1283CC75C00B28960 = {
			isa = PBXGroup;
			children = (
				98593DFC283CC75C00B28960 /* Airbnb */,
				98593E13283CC75D00B28960 /* AirbnbTests */,
				98593E1D283CC75D00B28960 /* AirbnbUITests */,
				98593DFB283CC75C00B28960 /* Products */,
			);
			sourceTree = "<group>";
		};
		98593DFB283CC75C00B28960 /* Products */ = {
			isa = PBXGroup;
			children = (
				98593DFA283CC75C00B28960 /* Airbnb.app */,
				98593E10283CC75D00B28960 /* AirbnbTests.xctest */,
				98593E1A283CC75D00B28960 /* AirbnbUITests.xctest */,
			);
			name = Products;
			sourceTree = "<group>";
		};
		98593DFC283CC75C00B28960 /* Airbnb */ = {
			isa = PBXGroup;
			children = (
				98593DFD283CC75C00B28960 /* AppDelegate.swift */,
				98593DFF283CC75C00B28960 /* SceneDelegate.swift */,
				98593E01283CC75C00B28960 /* ViewController.swift */,
				B509352F283DCB490017C8E0 /* PositionSearchViewController.swift */,
				98593E06283CC75D00B28960 /* Assets.xcassets */,
				98593E08283CC75D00B28960 /* LaunchScreen.storyboard */,
				98593E0B283CC75D00B28960 /* Info.plist */,
			);
			path = Airbnb;
			sourceTree = "<group>";
		};
		98593E13283CC75D00B28960 /* AirbnbTests */ = {
			isa = PBXGroup;
			children = (
				98593E14283CC75D00B28960 /* AirbnbTests.swift */,
			);
			path = AirbnbTests;
			sourceTree = "<group>";
		};
		98593E1D283CC75D00B28960 /* AirbnbUITests */ = {
			isa = PBXGroup;
			children = (
				98593E1E283CC75D00B28960 /* AirbnbUITests.swift */,
				98593E20283CC75D00B28960 /* AirbnbUITestsLaunchTests.swift */,
			);
			path = AirbnbUITests;
			sourceTree = "<group>";
		};
/* End PBXGroup section */

/* Begin PBXNativeTarget section */
		98593DF9283CC75C00B28960 /* Airbnb */ = {
			isa = PBXNativeTarget;
			buildConfigurationList = 98593E24283CC75D00B28960 /* Build configuration list for PBXNativeTarget "Airbnb" */;
			buildPhases = (
				98593DF6283CC75C00B28960 /* Sources */,
				98593DF7283CC75C00B28960 /* Frameworks */,
				98593DF8283CC75C00B28960 /* Resources */,
			);
			buildRules = (
			);
			dependencies = (
			);
			name = Airbnb;
			productName = Airbnb;
			productReference = 98593DFA283CC75C00B28960 /* Airbnb.app */;
			productType = "com.apple.product-type.application";
		};
		98593E0F283CC75D00B28960 /* AirbnbTests */ = {
			isa = PBXNativeTarget;
			buildConfigurationList = 98593E27283CC75D00B28960 /* Build configuration list for PBXNativeTarget "AirbnbTests" */;
			buildPhases = (
				98593E0C283CC75D00B28960 /* Sources */,
				98593E0D283CC75D00B28960 /* Frameworks */,
				98593E0E283CC75D00B28960 /* Resources */,
			);
			buildRules = (
			);
			dependencies = (
				98593E12283CC75D00B28960 /* PBXTargetDependency */,
			);
			name = AirbnbTests;
			productName = AirbnbTests;
			productReference = 98593E10283CC75D00B28960 /* AirbnbTests.xctest */;
			productType = "com.apple.product-type.bundle.unit-test";
		};
		98593E19283CC75D00B28960 /* AirbnbUITests */ = {
			isa = PBXNativeTarget;
			buildConfigurationList = 98593E2A283CC75D00B28960 /* Build configuration list for PBXNativeTarget "AirbnbUITests" */;
			buildPhases = (
				98593E16283CC75D00B28960 /* Sources */,
				98593E17283CC75D00B28960 /* Frameworks */,
				98593E18283CC75D00B28960 /* Resources */,
			);
			buildRules = (
			);
			dependencies = (
				98593E1C283CC75D00B28960 /* PBXTargetDependency */,
			);
			name = AirbnbUITests;
			productName = AirbnbUITests;
			productReference = 98593E1A283CC75D00B28960 /* AirbnbUITests.xctest */;
			productType = "com.apple.product-type.bundle.ui-testing";
		};
/* End PBXNativeTarget section */

/* Begin PBXProject section */
		98593DF2283CC75C00B28960 /* Project object */ = {
			isa = PBXProject;
			attributes = {
				BuildIndependentTargetsInParallel = 1;
				LastSwiftUpdateCheck = 1330;
				LastUpgradeCheck = 1330;
				TargetAttributes = {
					98593DF9283CC75C00B28960 = {
						CreatedOnToolsVersion = 13.3;
					};
					98593E0F283CC75D00B28960 = {
						CreatedOnToolsVersion = 13.3;
						TestTargetID = 98593DF9283CC75C00B28960;
					};
					98593E19283CC75D00B28960 = {
						CreatedOnToolsVersion = 13.3;
						TestTargetID = 98593DF9283CC75C00B28960;
					};
				};
			};
			buildConfigurationList = 98593DF5283CC75C00B28960 /* Build configuration list for PBXProject "Airbnb" */;
			compatibilityVersion = "Xcode 13.0";
			developmentRegion = en;
			hasScannedForEncodings = 0;
			knownRegions = (
				en,
				Base,
			);
			mainGroup = 98593DF1283CC75C00B28960;
			productRefGroup = 98593DFB283CC75C00B28960 /* Products */;
			projectDirPath = "";
			projectRoot = "";
			targets = (
				98593DF9283CC75C00B28960 /* Airbnb */,
				98593E0F283CC75D00B28960 /* AirbnbTests */,
				98593E19283CC75D00B28960 /* AirbnbUITests */,
			);
		};
/* End PBXProject section */

/* Begin PBXResourcesBuildPhase section */
		98593DF8283CC75C00B28960 /* Resources */ = {
			isa = PBXResourcesBuildPhase;
			buildActionMask = 2147483647;
			files = (
				98593E0A283CC75D00B28960 /* LaunchScreen.storyboard in Resources */,
				98593E07283CC75D00B28960 /* Assets.xcassets in Resources */,
			);
			runOnlyForDeploymentPostprocessing = 0;
		};
		98593E0E283CC75D00B28960 /* Resources */ = {
			isa = PBXResourcesBuildPhase;
			buildActionMask = 2147483647;
			files = (
			);
			runOnlyForDeploymentPostprocessing = 0;
		};
		98593E18283CC75D00B28960 /* Resources */ = {
			isa = PBXResourcesBuildPhase;
			buildActionMask = 2147483647;
			files = (
			);
			runOnlyForDeploymentPostprocessing = 0;
		};
/* End PBXResourcesBuildPhase section */

/* Begin PBXSourcesBuildPhase section */
		98593DF6283CC75C00B28960 /* Sources */ = {
			isa = PBXSourcesBuildPhase;
			buildActionMask = 2147483647;
			files = (
				98593E02283CC75C00B28960 /* ViewController.swift in Sources */,
				98593DFE283CC75C00B28960 /* AppDelegate.swift in Sources */,
				98593E00283CC75C00B28960 /* SceneDelegate.swift in Sources */,
				B5093530283DCB490017C8E0 /* PositionSearchViewController.swift in Sources */,
			);
			runOnlyForDeploymentPostprocessing = 0;
		};
		98593E0C283CC75D00B28960 /* Sources */ = {
			isa = PBXSourcesBuildPhase;
			buildActionMask = 2147483647;
			files = (
				98593E15283CC75D00B28960 /* AirbnbTests.swift in Sources */,
			);
			runOnlyForDeploymentPostprocessing = 0;
		};
		98593E16283CC75D00B28960 /* Sources */ = {
			isa = PBXSourcesBuildPhase;
			buildActionMask = 2147483647;
			files = (
				98593E21283CC75D00B28960 /* AirbnbUITestsLaunchTests.swift in Sources */,
				98593E1F283CC75D00B28960 /* AirbnbUITests.swift in Sources */,
			);
			runOnlyForDeploymentPostprocessing = 0;
		};
/* End PBXSourcesBuildPhase section */

/* Begin PBXTargetDependency section */
		98593E12283CC75D00B28960 /* PBXTargetDependency */ = {
			isa = PBXTargetDependency;
			target = 98593DF9283CC75C00B28960 /* Airbnb */;
			targetProxy = 98593E11283CC75D00B28960 /* PBXContainerItemProxy */;
		};
		98593E1C283CC75D00B28960 /* PBXTargetDependency */ = {
			isa = PBXTargetDependency;
			target = 98593DF9283CC75C00B28960 /* Airbnb */;
			targetProxy = 98593E1B283CC75D00B28960 /* PBXContainerItemProxy */;
		};
/* End PBXTargetDependency section */

/* Begin PBXVariantGroup section */
		98593E08283CC75D00B28960 /* LaunchScreen.storyboard */ = {
			isa = PBXVariantGroup;
			children = (
				98593E09283CC75D00B28960 /* Base */,
			);
			name = LaunchScreen.storyboard;
			sourceTree = "<group>";
		};
/* End PBXVariantGroup section */

/* Begin XCBuildConfiguration section */
		98593E22283CC75D00B28960 /* Debug */ = {
			isa = XCBuildConfiguration;
			buildSettings = {
				ALWAYS_SEARCH_USER_PATHS = NO;
				CLANG_ANALYZER_NONNULL = YES;
				CLANG_ANALYZER_NUMBER_OBJECT_CONVERSION = YES_AGGRESSIVE;
				CLANG_CXX_LANGUAGE_STANDARD = "gnu++17";
				CLANG_ENABLE_MODULES = YES;
				CLANG_ENABLE_OBJC_ARC = YES;
				CLANG_ENABLE_OBJC_WEAK = YES;
				CLANG_WARN_BLOCK_CAPTURE_AUTORELEASING = YES;
				CLANG_WARN_BOOL_CONVERSION = YES;
				CLANG_WARN_COMMA = YES;
				CLANG_WARN_CONSTANT_CONVERSION = YES;
				CLANG_WARN_DEPRECATED_OBJC_IMPLEMENTATIONS = YES;
				CLANG_WARN_DIRECT_OBJC_ISA_USAGE = YES_ERROR;
				CLANG_WARN_DOCUMENTATION_COMMENTS = YES;
				CLANG_WARN_EMPTY_BODY = YES;
				CLANG_WARN_ENUM_CONVERSION = YES;
				CLANG_WARN_INFINITE_RECURSION = YES;
				CLANG_WARN_INT_CONVERSION = YES;
				CLANG_WARN_NON_LITERAL_NULL_CONVERSION = YES;
				CLANG_WARN_OBJC_IMPLICIT_RETAIN_SELF = YES;
				CLANG_WARN_OBJC_LITERAL_CONVERSION = YES;
				CLANG_WARN_OBJC_ROOT_CLASS = YES_ERROR;
				CLANG_WARN_QUOTED_INCLUDE_IN_FRAMEWORK_HEADER = YES;
				CLANG_WARN_RANGE_LOOP_ANALYSIS = YES;
				CLANG_WARN_STRICT_PROTOTYPES = YES;
				CLANG_WARN_SUSPICIOUS_MOVE = YES;
				CLANG_WARN_UNGUARDED_AVAILABILITY = YES_AGGRESSIVE;
				CLANG_WARN_UNREACHABLE_CODE = YES;
				CLANG_WARN__DUPLICATE_METHOD_MATCH = YES;
				COPY_PHASE_STRIP = NO;
				DEBUG_INFORMATION_FORMAT = dwarf;
				ENABLE_STRICT_OBJC_MSGSEND = YES;
				ENABLE_TESTABILITY = YES;
				GCC_C_LANGUAGE_STANDARD = gnu11;
				GCC_DYNAMIC_NO_PIC = NO;
				GCC_NO_COMMON_BLOCKS = YES;
				GCC_OPTIMIZATION_LEVEL = 0;
				GCC_PREPROCESSOR_DEFINITIONS = (
					"DEBUG=1",
					"$(inherited)",
				);
				GCC_WARN_64_TO_32_BIT_CONVERSION = YES;
				GCC_WARN_ABOUT_RETURN_TYPE = YES_ERROR;
				GCC_WARN_UNDECLARED_SELECTOR = YES;
				GCC_WARN_UNINITIALIZED_AUTOS = YES_AGGRESSIVE;
				GCC_WARN_UNUSED_FUNCTION = YES;
				GCC_WARN_UNUSED_VARIABLE = YES;
				IPHONEOS_DEPLOYMENT_TARGET = 15.4;
				MTL_ENABLE_DEBUG_INFO = INCLUDE_SOURCE;
				MTL_FAST_MATH = YES;
				ONLY_ACTIVE_ARCH = YES;
				SDKROOT = iphoneos;
				SWIFT_ACTIVE_COMPILATION_CONDITIONS = DEBUG;
				SWIFT_OPTIMIZATION_LEVEL = "-Onone";
			};
			name = Debug;
		};
		98593E23283CC75D00B28960 /* Release */ = {
			isa = XCBuildConfiguration;
			buildSettings = {
				ALWAYS_SEARCH_USER_PATHS = NO;
				CLANG_ANALYZER_NONNULL = YES;
				CLANG_ANALYZER_NUMBER_OBJECT_CONVERSION = YES_AGGRESSIVE;
				CLANG_CXX_LANGUAGE_STANDARD = "gnu++17";
				CLANG_ENABLE_MODULES = YES;
				CLANG_ENABLE_OBJC_ARC = YES;
				CLANG_ENABLE_OBJC_WEAK = YES;
				CLANG_WARN_BLOCK_CAPTURE_AUTORELEASING = YES;
				CLANG_WARN_BOOL_CONVERSION = YES;
				CLANG_WARN_COMMA = YES;
				CLANG_WARN_CONSTANT_CONVERSION = YES;
				CLANG_WARN_DEPRECATED_OBJC_IMPLEMENTATIONS = YES;
				CLANG_WARN_DIRECT_OBJC_ISA_USAGE = YES_ERROR;
				CLANG_WARN_DOCUMENTATION_COMMENTS = YES;
				CLANG_WARN_EMPTY_BODY = YES;
				CLANG_WARN_ENUM_CONVERSION = YES;
				CLANG_WARN_INFINITE_RECURSION = YES;
				CLANG_WARN_INT_CONVERSION = YES;
				CLANG_WARN_NON_LITERAL_NULL_CONVERSION = YES;
				CLANG_WARN_OBJC_IMPLICIT_RETAIN_SELF = YES;
				CLANG_WARN_OBJC_LITERAL_CONVERSION = YES;
				CLANG_WARN_OBJC_ROOT_CLASS = YES_ERROR;
				CLANG_WARN_QUOTED_INCLUDE_IN_FRAMEWORK_HEADER = YES;
				CLANG_WARN_RANGE_LOOP_ANALYSIS = YES;
				CLANG_WARN_STRICT_PROTOTYPES = YES;
				CLANG_WARN_SUSPICIOUS_MOVE = YES;
				CLANG_WARN_UNGUARDED_AVAILABILITY = YES_AGGRESSIVE;
				CLANG_WARN_UNREACHABLE_CODE = YES;
				CLANG_WARN__DUPLICATE_METHOD_MATCH = YES;
				COPY_PHASE_STRIP = NO;
				DEBUG_INFORMATION_FORMAT = "dwarf-with-dsym";
				ENABLE_NS_ASSERTIONS = NO;
				ENABLE_STRICT_OBJC_MSGSEND = YES;
				GCC_C_LANGUAGE_STANDARD = gnu11;
				GCC_NO_COMMON_BLOCKS = YES;
				GCC_WARN_64_TO_32_BIT_CONVERSION = YES;
				GCC_WARN_ABOUT_RETURN_TYPE = YES_ERROR;
				GCC_WARN_UNDECLARED_SELECTOR = YES;
				GCC_WARN_UNINITIALIZED_AUTOS = YES_AGGRESSIVE;
				GCC_WARN_UNUSED_FUNCTION = YES;
				GCC_WARN_UNUSED_VARIABLE = YES;
				IPHONEOS_DEPLOYMENT_TARGET = 15.4;
				MTL_ENABLE_DEBUG_INFO = NO;
				MTL_FAST_MATH = YES;
				SDKROOT = iphoneos;
				SWIFT_COMPILATION_MODE = wholemodule;
				SWIFT_OPTIMIZATION_LEVEL = "-O";
				VALIDATE_PRODUCT = YES;
			};
			name = Release;
		};
		98593E25283CC75D00B28960 /* Debug */ = {
			isa = XCBuildConfiguration;
			buildSettings = {
				ASSETCATALOG_COMPILER_APPICON_NAME = AppIcon;
				ASSETCATALOG_COMPILER_GLOBAL_ACCENT_COLOR_NAME = AccentColor;
				CODE_SIGN_STYLE = Automatic;
				CURRENT_PROJECT_VERSION = 1;
				GENERATE_INFOPLIST_FILE = YES;
				INFOPLIST_FILE = Airbnb/Info.plist;
				INFOPLIST_KEY_UIApplicationSupportsIndirectInputEvents = YES;
				INFOPLIST_KEY_UILaunchStoryboardName = LaunchScreen;
				INFOPLIST_KEY_UISupportedInterfaceOrientations_iPad = "UIInterfaceOrientationPortrait UIInterfaceOrientationPortraitUpsideDown UIInterfaceOrientationLandscapeLeft UIInterfaceOrientationLandscapeRight";
				INFOPLIST_KEY_UISupportedInterfaceOrientations_iPhone = "UIInterfaceOrientationPortrait UIInterfaceOrientationLandscapeLeft UIInterfaceOrientationLandscapeRight";
				IPHONEOS_DEPLOYMENT_TARGET = 13.0;
				LD_RUNPATH_SEARCH_PATHS = (
					"$(inherited)",
					"@executable_path/Frameworks",
				);
				MARKETING_VERSION = 1.0;
				PRODUCT_BUNDLE_IDENTIFIER = com.teamSeven.Airbnb;
				PRODUCT_NAME = "$(TARGET_NAME)";
				SWIFT_EMIT_LOC_STRINGS = YES;
				SWIFT_VERSION = 5.0;
				TARGETED_DEVICE_FAMILY = 1;
			};
			name = Debug;
		};
		98593E26283CC75D00B28960 /* Release */ = {
			isa = XCBuildConfiguration;
			buildSettings = {
				ASSETCATALOG_COMPILER_APPICON_NAME = AppIcon;
				ASSETCATALOG_COMPILER_GLOBAL_ACCENT_COLOR_NAME = AccentColor;
				CODE_SIGN_STYLE = Automatic;
				CURRENT_PROJECT_VERSION = 1;
				GENERATE_INFOPLIST_FILE = YES;
				INFOPLIST_FILE = Airbnb/Info.plist;
				INFOPLIST_KEY_UIApplicationSupportsIndirectInputEvents = YES;
				INFOPLIST_KEY_UILaunchStoryboardName = LaunchScreen;
				INFOPLIST_KEY_UISupportedInterfaceOrientations_iPad = "UIInterfaceOrientationPortrait UIInterfaceOrientationPortraitUpsideDown UIInterfaceOrientationLandscapeLeft UIInterfaceOrientationLandscapeRight";
				INFOPLIST_KEY_UISupportedInterfaceOrientations_iPhone = "UIInterfaceOrientationPortrait UIInterfaceOrientationLandscapeLeft UIInterfaceOrientationLandscapeRight";
				IPHONEOS_DEPLOYMENT_TARGET = 13.0;
				LD_RUNPATH_SEARCH_PATHS = (
					"$(inherited)",
					"@executable_path/Frameworks",
				);
				MARKETING_VERSION = 1.0;
				PRODUCT_BUNDLE_IDENTIFIER = com.teamSeven.Airbnb;
				PRODUCT_NAME = "$(TARGET_NAME)";
				SWIFT_EMIT_LOC_STRINGS = YES;
				SWIFT_VERSION = 5.0;
				TARGETED_DEVICE_FAMILY = 1;
			};
			name = Release;
		};
		98593E28283CC75D00B28960 /* Debug */ = {
			isa = XCBuildConfiguration;
			buildSettings = {
				ALWAYS_EMBED_SWIFT_STANDARD_LIBRARIES = YES;
				BUNDLE_LOADER = "$(TEST_HOST)";
				CODE_SIGN_STYLE = Automatic;
				CURRENT_PROJECT_VERSION = 1;
				GENERATE_INFOPLIST_FILE = YES;
				IPHONEOS_DEPLOYMENT_TARGET = 15.4;
				MARKETING_VERSION = 1.0;
				PRODUCT_BUNDLE_IDENTIFIER = com.teamSeven.AirbnbTests;
				PRODUCT_NAME = "$(TARGET_NAME)";
				SWIFT_EMIT_LOC_STRINGS = NO;
				SWIFT_VERSION = 5.0;
				TARGETED_DEVICE_FAMILY = "1,2";
				TEST_HOST = "$(BUILT_PRODUCTS_DIR)/Airbnb.app/Airbnb";
			};
			name = Debug;
		};
		98593E29283CC75D00B28960 /* Release */ = {
			isa = XCBuildConfiguration;
			buildSettings = {
				ALWAYS_EMBED_SWIFT_STANDARD_LIBRARIES = YES;
				BUNDLE_LOADER = "$(TEST_HOST)";
				CODE_SIGN_STYLE = Automatic;
				CURRENT_PROJECT_VERSION = 1;
				GENERATE_INFOPLIST_FILE = YES;
				IPHONEOS_DEPLOYMENT_TARGET = 15.4;
				MARKETING_VERSION = 1.0;
				PRODUCT_BUNDLE_IDENTIFIER = com.teamSeven.AirbnbTests;
				PRODUCT_NAME = "$(TARGET_NAME)";
				SWIFT_EMIT_LOC_STRINGS = NO;
				SWIFT_VERSION = 5.0;
				TARGETED_DEVICE_FAMILY = "1,2";
				TEST_HOST = "$(BUILT_PRODUCTS_DIR)/Airbnb.app/Airbnb";
			};
			name = Release;
		};
		98593E2B283CC75D00B28960 /* Debug */ = {
			isa = XCBuildConfiguration;
			buildSettings = {
				ALWAYS_EMBED_SWIFT_STANDARD_LIBRARIES = YES;
				CODE_SIGN_STYLE = Automatic;
				CURRENT_PROJECT_VERSION = 1;
				GENERATE_INFOPLIST_FILE = YES;
				MARKETING_VERSION = 1.0;
				PRODUCT_BUNDLE_IDENTIFIER = com.teamSeven.AirbnbUITests;
				PRODUCT_NAME = "$(TARGET_NAME)";
				SWIFT_EMIT_LOC_STRINGS = NO;
				SWIFT_VERSION = 5.0;
				TARGETED_DEVICE_FAMILY = "1,2";
				TEST_TARGET_NAME = Airbnb;
			};
			name = Debug;
		};
		98593E2C283CC75D00B28960 /* Release */ = {
			isa = XCBuildConfiguration;
			buildSettings = {
				ALWAYS_EMBED_SWIFT_STANDARD_LIBRARIES = YES;
				CODE_SIGN_STYLE = Automatic;
				CURRENT_PROJECT_VERSION = 1;
				GENERATE_INFOPLIST_FILE = YES;
				MARKETING_VERSION = 1.0;
				PRODUCT_BUNDLE_IDENTIFIER = com.teamSeven.AirbnbUITests;
				PRODUCT_NAME = "$(TARGET_NAME)";
				SWIFT_EMIT_LOC_STRINGS = NO;
				SWIFT_VERSION = 5.0;
				TARGETED_DEVICE_FAMILY = "1,2";
				TEST_TARGET_NAME = Airbnb;
			};
			name = Release;
		};
/* End XCBuildConfiguration section */

/* Begin XCConfigurationList section */
		98593DF5283CC75C00B28960 /* Build configuration list for PBXProject "Airbnb" */ = {
			isa = XCConfigurationList;
			buildConfigurations = (
				98593E22283CC75D00B28960 /* Debug */,
				98593E23283CC75D00B28960 /* Release */,
			);
			defaultConfigurationIsVisible = 0;
			defaultConfigurationName = Release;
		};
		98593E24283CC75D00B28960 /* Build configuration list for PBXNativeTarget "Airbnb" */ = {
			isa = XCConfigurationList;
			buildConfigurations = (
				98593E25283CC75D00B28960 /* Debug */,
				98593E26283CC75D00B28960 /* Release */,
			);
			defaultConfigurationIsVisible = 0;
			defaultConfigurationName = Release;
		};
		98593E27283CC75D00B28960 /* Build configuration list for PBXNativeTarget "AirbnbTests" */ = {
			isa = XCConfigurationList;
			buildConfigurations = (
				98593E28283CC75D00B28960 /* Debug */,
				98593E29283CC75D00B28960 /* Release */,
			);
			defaultConfigurationIsVisible = 0;
			defaultConfigurationName = Release;
		};
		98593E2A283CC75D00B28960 /* Build configuration list for PBXNativeTarget "AirbnbUITests" */ = {
			isa = XCConfigurationList;
			buildConfigurations = (
				98593E2B283CC75D00B28960 /* Debug */,
				98593E2C283CC75D00B28960 /* Release */,
			);
			defaultConfigurationIsVisible = 0;
			defaultConfigurationName = Release;
		};
/* End XCConfigurationList section */
	};
	rootObject = 98593DF2283CC75C00B28960 /* Project object */;
}
