PODS:
  - SnapKit (5.6.0)
  - SwiftLint (0.47.0)

DEPENDENCIES:
  - SnapKit (~> 5.6.0)
  - SwiftLint

SPEC REPOS:
  trunk:
    - SnapKit
    - SwiftLint

SPEC CHECKSUMS:
  SnapKit: e01d52ebb8ddbc333eefe2132acf85c8227d9c25
  SwiftLint: d41cc46a2ae58ac6d9f26954bc89f1d72e71fdef

PODFILE CHECKSUM: 05980a96fee76dd1ff339c1db1060fc4c0d663a8

COCOAPODS: 1.11.3
