PODS:
  - HorizonCalendar (1.13.4)
  - SwiftLint (0.47.0)

DEPENDENCIES:
  - HorizonCalendar
  - SwiftLint

SPEC REPOS:
  trunk:
    - HorizonCalendar
    - SwiftLint

SPEC CHECKSUMS:
  HorizonCalendar: 3e5cc89c30bb0207663581d2c798378dd6400406
  SwiftLint: d41cc46a2ae58ac6d9f26954bc89f1d72e71fdef

PODFILE CHECKSUM: e209c117ed2b3346cf6a60514beebab7089277d4

COCOAPODS: 1.11.3
