// !$*UTF8*$!
{
	archiveVersion = 1;
	classes = {
	};
	objectVersion = 55;
	objects = {

/* Begin PBXBuildFile section */
		1E71CBDA283B9D9A00F6D2D0 /* Alamofire in Frameworks */ = {isa = PBXBuildFile; productRef = 1E71CBD9283B9D9A00F6D2D0 /* Alamofire */; };
		1E71CBDC283BB93600F6D2D0 /* TextFieldDelegate.swift in Sources */ = {isa = PBXBuildFile; fileRef = 1E71CBDB283BB93600F6D2D0 /* TextFieldDelegate.swift */; };
		1ED648A1283BD40E00AA5380 /* DestinationCollecionViewDataSource.swift in Sources */ = {isa = PBXBuildFile; fileRef = 1ED648A0283BD40E00AA5380 /* DestinationCollecionViewDataSource.swift */; };
		1ED648A3283BD43900AA5380 /* DestinationCollecionViewDelegateFlowLayout.swift in Sources */ = {isa = PBXBuildFile; fileRef = 1ED648A2283BD43900AA5380 /* DestinationCollecionViewDelegateFlowLayout.swift */; };
		1ED648A5283BD48500AA5380 /* DestinationCollectionViewCell.swift in Sources */ = {isa = PBXBuildFile; fileRef = 1ED648A4283BD48500AA5380 /* DestinationCollectionViewCell.swift */; };
		1ED648A7283BDCBA00AA5380 /* DestinationHeaderCollectionReusableView.swift in Sources */ = {isa = PBXBuildFile; fileRef = 1ED648A6283BDCBA00AA5380 /* DestinationHeaderCollectionReusableView.swift */; };
		1ED648A9283C7EC900AA5380 /* UIColor+Extension.swift in Sources */ = {isa = PBXBuildFile; fileRef = 1ED648A8283C7EC900AA5380 /* UIColor+Extension.swift */; };
		6C1AB72C283B911000A0314F /* AppDelegate.swift in Sources */ = {isa = PBXBuildFile; fileRef = 6C1AB72B283B911000A0314F /* AppDelegate.swift */; };
		6C1AB72E283B911000A0314F /* SceneDelegate.swift in Sources */ = {isa = PBXBuildFile; fileRef = 6C1AB72D283B911000A0314F /* SceneDelegate.swift */; };
		6C1AB730283B911000A0314F /* ViewController.swift in Sources */ = {isa = PBXBuildFile; fileRef = 6C1AB72F283B911000A0314F /* ViewController.swift */; };
		6C1AB733283B911000A0314F /* Main.storyboard in Resources */ = {isa = PBXBuildFile; fileRef = 6C1AB731283B911000A0314F /* Main.storyboard */; };
		6C1AB735283B911100A0314F /* Assets.xcassets in Resources */ = {isa = PBXBuildFile; fileRef = 6C1AB734283B911100A0314F /* Assets.xcassets */; };
		6C1AB738283B911100A0314F /* LaunchScreen.storyboard in Resources */ = {isa = PBXBuildFile; fileRef = 6C1AB736283B911100A0314F /* LaunchScreen.storyboard */; };
		6C1AB741283B914100A0314F /* Alamofire in Frameworks */ = {isa = PBXBuildFile; productRef = 6C1AB740283B914100A0314F /* Alamofire */; };
/* End PBXBuildFile section */

/* Begin PBXFileReference section */
		1E71CBDB283BB93600F6D2D0 /* TextFieldDelegate.swift */ = {isa = PBXFileReference; lastKnownFileType = sourcecode.swift; path = TextFieldDelegate.swift; sourceTree = "<group>"; };
		1ED648A0283BD40E00AA5380 /* DestinationCollecionViewDataSource.swift */ = {isa = PBXFileReference; lastKnownFileType = sourcecode.swift; path = DestinationCollecionViewDataSource.swift; sourceTree = "<group>"; };
		1ED648A2283BD43900AA5380 /* DestinationCollecionViewDelegateFlowLayout.swift */ = {isa = PBXFileReference; lastKnownFileType = sourcecode.swift; path = DestinationCollecionViewDelegateFlowLayout.swift; sourceTree = "<group>"; };
		1ED648A4283BD48500AA5380 /* DestinationCollectionViewCell.swift */ = {isa = PBXFileReference; lastKnownFileType = sourcecode.swift; path = DestinationCollectionViewCell.swift; sourceTree = "<group>"; };
		1ED648A6283BDCBA00AA5380 /* DestinationHeaderCollectionReusableView.swift */ = {isa = PBXFileReference; lastKnownFileType = sourcecode.swift; path = DestinationHeaderCollectionReusableView.swift; sourceTree = "<group>"; };
		1ED648A8283C7EC900AA5380 /* UIColor+Extension.swift */ = {isa = PBXFileReference; lastKnownFileType = sourcecode.swift; path = "UIColor+Extension.swift"; sourceTree = "<group>"; };
		6C1AB728283B911000A0314F /* AirbnbApp.app */ = {isa = PBXFileReference; explicitFileType = wrapper.application; includeInIndex = 0; path = AirbnbApp.app; sourceTree = BUILT_PRODUCTS_DIR; };
		6C1AB72B283B911000A0314F /* AppDelegate.swift */ = {isa = PBXFileReference; lastKnownFileType = sourcecode.swift; path = AppDelegate.swift; sourceTree = "<group>"; };
		6C1AB72D283B911000A0314F /* SceneDelegate.swift */ = {isa = PBXFileReference; lastKnownFileType = sourcecode.swift; path = SceneDelegate.swift; sourceTree = "<group>"; };
		6C1AB72F283B911000A0314F /* ViewController.swift */ = {isa = PBXFileReference; lastKnownFileType = sourcecode.swift; path = ViewController.swift; sourceTree = "<group>"; };
		6C1AB732283B911000A0314F /* Base */ = {isa = PBXFileReference; lastKnownFileType = file.storyboard; name = Base; path = Base.lproj/Main.storyboard; sourceTree = "<group>"; };
		6C1AB734283B911100A0314F /* Assets.xcassets */ = {isa = PBXFileReference; lastKnownFileType = folder.assetcatalog; path = Assets.xcassets; sourceTree = "<group>"; };
		6C1AB737283B911100A0314F /* Base */ = {isa = PBXFileReference; lastKnownFileType = file.storyboard; name = Base; path = Base.lproj/LaunchScreen.storyboard; sourceTree = "<group>"; };
		6C1AB739283B911100A0314F /* Info.plist */ = {isa = PBXFileReference; lastKnownFileType = text.plist.xml; path = Info.plist; sourceTree = "<group>"; };
		6C1AB743283B918900A0314F /* .swiftlint.yml */ = {isa = PBXFileReference; lastKnownFileType = text.yaml; path = .swiftlint.yml; sourceTree = "<group>"; };
/* End PBXFileReference section */

/* Begin PBXFrameworksBuildPhase section */
		6C1AB725283B911000A0314F /* Frameworks */ = {
			isa = PBXFrameworksBuildPhase;
			buildActionMask = 2147483647;
			files = (
				6C1AB741283B914100A0314F /* Alamofire in Frameworks */,
				1E71CBDA283B9D9A00F6D2D0 /* Alamofire in Frameworks */,
			);
			runOnlyForDeploymentPostprocessing = 0;
		};
/* End PBXFrameworksBuildPhase section */

/* Begin PBXGroup section */
		6C1AB71F283B911000A0314F = {
			isa = PBXGroup;
			children = (
				6C1AB743283B918900A0314F /* .swiftlint.yml */,
				6C1AB72A283B911000A0314F /* AirbnbApp */,
				6C1AB729283B911000A0314F /* Products */,
			);
			sourceTree = "<group>";
		};
		6C1AB729283B911000A0314F /* Products */ = {
			isa = PBXGroup;
			children = (
				6C1AB728283B911000A0314F /* AirbnbApp.app */,
			);
			name = Products;
			sourceTree = "<group>";
		};
		6C1AB72A283B911000A0314F /* AirbnbApp */ = {
			isa = PBXGroup;
			children = (
				6C1AB72B283B911000A0314F /* AppDelegate.swift */,
				6C1AB72D283B911000A0314F /* SceneDelegate.swift */,
				6C1AB72F283B911000A0314F /* ViewController.swift */,
				1ED648A8283C7EC900AA5380 /* UIColor+Extension.swift */,
				1ED648A6283BDCBA00AA5380 /* DestinationHeaderCollectionReusableView.swift */,
				1ED648A4283BD48500AA5380 /* DestinationCollectionViewCell.swift */,
				1ED648A0283BD40E00AA5380 /* DestinationCollecionViewDataSource.swift */,
				1ED648A2283BD43900AA5380 /* DestinationCollecionViewDelegateFlowLayout.swift */,
				1E71CBDB283BB93600F6D2D0 /* TextFieldDelegate.swift */,
				6C1AB731283B911000A0314F /* Main.storyboard */,
				6C1AB734283B911100A0314F /* Assets.xcassets */,
				6C1AB736283B911100A0314F /* LaunchScreen.storyboard */,
				6C1AB739283B911100A0314F /* Info.plist */,
			);
			path = AirbnbApp;
			sourceTree = "<group>";
		};
/* End PBXGroup section */

/* Begin PBXNativeTarget section */
		6C1AB727283B911000A0314F /* AirbnbApp */ = {
			isa = PBXNativeTarget;
			buildConfigurationList = 6C1AB73C283B911100A0314F /* Build configuration list for PBXNativeTarget "AirbnbApp" */;
			buildPhases = (
				6C1AB724283B911000A0314F /* Sources */,
				6C1AB725283B911000A0314F /* Frameworks */,
				6C1AB726283B911000A0314F /* Resources */,
				6C1AB742283B915100A0314F /* ShellScript */,
			);
			buildRules = (
			);
			dependencies = (
			);
			name = AirbnbApp;
			packageProductDependencies = (
				6C1AB740283B914100A0314F /* Alamofire */,
				1E71CBD9283B9D9A00F6D2D0 /* Alamofire */,
			);
			productName = AirbnbApp;
			productReference = 6C1AB728283B911000A0314F /* AirbnbApp.app */;
			productType = "com.apple.product-type.application";
		};
/* End PBXNativeTarget section */

/* Begin PBXProject section */
		6C1AB720283B911000A0314F /* Project object */ = {
			isa = PBXProject;
			attributes = {
				BuildIndependentTargetsInParallel = 1;
				LastSwiftUpdateCheck = 1340;
				LastUpgradeCheck = 1340;
				TargetAttributes = {
					6C1AB727283B911000A0314F = {
						CreatedOnToolsVersion = 13.4;
					};
				};
			};
			buildConfigurationList = 6C1AB723283B911000A0314F /* Build configuration list for PBXProject "AirbnbApp" */;
			compatibilityVersion = "Xcode 13.0";
			developmentRegion = en;
			hasScannedForEncodings = 0;
			knownRegions = (
				en,
				Base,
			);
			mainGroup = 6C1AB71F283B911000A0314F;
			packageReferences = (
				6C1AB73F283B914100A0314F /* XCRemoteSwiftPackageReference "Alamofire" */,
				1E71CBD8283B9D9A00F6D2D0 /* XCRemoteSwiftPackageReference "Alamofire" */,
			);
			productRefGroup = 6C1AB729283B911000A0314F /* Products */;
			projectDirPath = "";
			projectRoot = "";
			targets = (
				6C1AB727283B911000A0314F /* AirbnbApp */,
			);
		};
/* End PBXProject section */

/* Begin PBXResourcesBuildPhase section */
		6C1AB726283B911000A0314F /* Resources */ = {
			isa = PBXResourcesBuildPhase;
			buildActionMask = 2147483647;
			files = (
				6C1AB738283B911100A0314F /* LaunchScreen.storyboard in Resources */,
				6C1AB735283B911100A0314F /* Assets.xcassets in Resources */,
				6C1AB733283B911000A0314F /* Main.storyboard in Resources */,
			);
			runOnlyForDeploymentPostprocessing = 0;
		};
/* End PBXResourcesBuildPhase section */

/* Begin PBXShellScriptBuildPhase section */
		6C1AB742283B915100A0314F /* ShellScript */ = {
			isa = PBXShellScriptBuildPhase;
			buildActionMask = 12;
			files = (
			);
			inputFileListPaths = (
			);
			inputPaths = (
			);
			outputFileListPaths = (
			);
			outputPaths = (
			);
			runOnlyForDeploymentPostprocessing = 0;
			shellPath = /bin/sh;
			shellScript = "alias swiftlint=\"/opt/homebrew/bin/swiftlint\"\n\nif swiftlint >/dev/null; then\n  swiftlint\nelse\n  echo \"warning: SwiftLint not installed, download from https://github.com/realm/SwiftLint\"\nfi\n\n";
		};
/* End PBXShellScriptBuildPhase section */

/* Begin PBXSourcesBuildPhase section */
		6C1AB724283B911000A0314F /* Sources */ = {
			isa = PBXSourcesBuildPhase;
			buildActionMask = 2147483647;
			files = (
				6C1AB730283B911000A0314F /* ViewController.swift in Sources */,
				1ED648A3283BD43900AA5380 /* DestinationCollecionViewDelegateFlowLayout.swift in Sources */,
				1ED648A5283BD48500AA5380 /* DestinationCollectionViewCell.swift in Sources */,
				1ED648A9283C7EC900AA5380 /* UIColor+Extension.swift in Sources */,
				6C1AB72C283B911000A0314F /* AppDelegate.swift in Sources */,
				1E71CBDC283BB93600F6D2D0 /* TextFieldDelegate.swift in Sources */,
				1ED648A7283BDCBA00AA5380 /* DestinationHeaderCollectionReusableView.swift in Sources */,
				1ED648A1283BD40E00AA5380 /* DestinationCollecionViewDataSource.swift in Sources */,
				6C1AB72E283B911000A0314F /* SceneDelegate.swift in Sources */,
			);
			runOnlyForDeploymentPostprocessing = 0;
		};
/* End PBXSourcesBuildPhase section */

/* Begin PBXVariantGroup section */
		6C1AB731283B911000A0314F /* Main.storyboard */ = {
			isa = PBXVariantGroup;
			children = (
				6C1AB732283B911000A0314F /* Base */,
			);
			name = Main.storyboard;
			sourceTree = "<group>";
		};
		6C1AB736283B911100A0314F /* LaunchScreen.storyboard */ = {
			isa = PBXVariantGroup;
			children = (
				6C1AB737283B911100A0314F /* Base */,
			);
			name = LaunchScreen.storyboard;
			sourceTree = "<group>";
		};
/* End PBXVariantGroup section */

/* Begin XCBuildConfiguration section */
		6C1AB73A283B911100A0314F /* Debug */ = {
			isa = XCBuildConfiguration;
			buildSettings = {
				ALWAYS_SEARCH_USER_PATHS = NO;
				CLANG_ANALYZER_NONNULL = YES;
				CLANG_ANALYZER_NUMBER_OBJECT_CONVERSION = YES_AGGRESSIVE;
				CLANG_CXX_LANGUAGE_STANDARD = "gnu++17";
				CLANG_ENABLE_MODULES = YES;
				CLANG_ENABLE_OBJC_ARC = YES;
				CLANG_ENABLE_OBJC_WEAK = YES;
				CLANG_WARN_BLOCK_CAPTURE_AUTORELEASING = YES;
				CLANG_WARN_BOOL_CONVERSION = YES;
				CLANG_WARN_COMMA = YES;
				CLANG_WARN_CONSTANT_CONVERSION = YES;
				CLANG_WARN_DEPRECATED_OBJC_IMPLEMENTATIONS = YES;
				CLANG_WARN_DIRECT_OBJC_ISA_USAGE = YES_ERROR;
				CLANG_WARN_DOCUMENTATION_COMMENTS = YES;
				CLANG_WARN_EMPTY_BODY = YES;
				CLANG_WARN_ENUM_CONVERSION = YES;
				CLANG_WARN_INFINITE_RECURSION = YES;
				CLANG_WARN_INT_CONVERSION = YES;
				CLANG_WARN_NON_LITERAL_NULL_CONVERSION = YES;
				CLANG_WARN_OBJC_IMPLICIT_RETAIN_SELF = YES;
				CLANG_WARN_OBJC_LITERAL_CONVERSION = YES;
				CLANG_WARN_OBJC_ROOT_CLASS = YES_ERROR;
				CLANG_WARN_QUOTED_INCLUDE_IN_FRAMEWORK_HEADER = YES;
				CLANG_WARN_RANGE_LOOP_ANALYSIS = YES;
				CLANG_WARN_STRICT_PROTOTYPES = YES;
				CLANG_WARN_SUSPICIOUS_MOVE = YES;
				CLANG_WARN_UNGUARDED_AVAILABILITY = YES_AGGRESSIVE;
				CLANG_WARN_UNREACHABLE_CODE = YES;
				CLANG_WARN__DUPLICATE_METHOD_MATCH = YES;
				COPY_PHASE_STRIP = NO;
				DEBUG_INFORMATION_FORMAT = dwarf;
				ENABLE_STRICT_OBJC_MSGSEND = YES;
				ENABLE_TESTABILITY = YES;
				GCC_C_LANGUAGE_STANDARD = gnu11;
				GCC_DYNAMIC_NO_PIC = NO;
				GCC_NO_COMMON_BLOCKS = YES;
				GCC_OPTIMIZATION_LEVEL = 0;
				GCC_PREPROCESSOR_DEFINITIONS = (
					"DEBUG=1",
					"$(inherited)",
				);
				GCC_WARN_64_TO_32_BIT_CONVERSION = YES;
				GCC_WARN_ABOUT_RETURN_TYPE = YES_ERROR;
				GCC_WARN_UNDECLARED_SELECTOR = YES;
				GCC_WARN_UNINITIALIZED_AUTOS = YES_AGGRESSIVE;
				GCC_WARN_UNUSED_FUNCTION = YES;
				GCC_WARN_UNUSED_VARIABLE = YES;
				MTL_ENABLE_DEBUG_INFO = INCLUDE_SOURCE;
				MTL_FAST_MATH = YES;
				ONLY_ACTIVE_ARCH = YES;
				SDKROOT = iphoneos;
				SWIFT_ACTIVE_COMPILATION_CONDITIONS = DEBUG;
				SWIFT_OPTIMIZATION_LEVEL = "-Onone";
			};
			name = Debug;
		};
		6C1AB73B283B911100A0314F /* Release */ = {
			isa = XCBuildConfiguration;
			buildSettings = {
				ALWAYS_SEARCH_USER_PATHS = NO;
				CLANG_ANALYZER_NONNULL = YES;
				CLANG_ANALYZER_NUMBER_OBJECT_CONVERSION = YES_AGGRESSIVE;
				CLANG_CXX_LANGUAGE_STANDARD = "gnu++17";
				CLANG_ENABLE_MODULES = YES;
				CLANG_ENABLE_OBJC_ARC = YES;
				CLANG_ENABLE_OBJC_WEAK = YES;
				CLANG_WARN_BLOCK_CAPTURE_AUTORELEASING = YES;
				CLANG_WARN_BOOL_CONVERSION = YES;
				CLANG_WARN_COMMA = YES;
				CLANG_WARN_CONSTANT_CONVERSION = YES;
				CLANG_WARN_DEPRECATED_OBJC_IMPLEMENTATIONS = YES;
				CLANG_WARN_DIRECT_OBJC_ISA_USAGE = YES_ERROR;
				CLANG_WARN_DOCUMENTATION_COMMENTS = YES;
				CLANG_WARN_EMPTY_BODY = YES;
				CLANG_WARN_ENUM_CONVERSION = YES;
				CLANG_WARN_INFINITE_RECURSION = YES;
				CLANG_WARN_INT_CONVERSION = YES;
				CLANG_WARN_NON_LITERAL_NULL_CONVERSION = YES;
				CLANG_WARN_OBJC_IMPLICIT_RETAIN_SELF = YES;
				CLANG_WARN_OBJC_LITERAL_CONVERSION = YES;
				CLANG_WARN_OBJC_ROOT_CLASS = YES_ERROR;
				CLANG_WARN_QUOTED_INCLUDE_IN_FRAMEWORK_HEADER = YES;
				CLANG_WARN_RANGE_LOOP_ANALYSIS = YES;
				CLANG_WARN_STRICT_PROTOTYPES = YES;
				CLANG_WARN_SUSPICIOUS_MOVE = YES;
				CLANG_WARN_UNGUARDED_AVAILABILITY = YES_AGGRESSIVE;
				CLANG_WARN_UNREACHABLE_CODE = YES;
				CLANG_WARN__DUPLICATE_METHOD_MATCH = YES;
				COPY_PHASE_STRIP = NO;
				DEBUG_INFORMATION_FORMAT = "dwarf-with-dsym";
				ENABLE_NS_ASSERTIONS = NO;
				ENABLE_STRICT_OBJC_MSGSEND = YES;
				GCC_C_LANGUAGE_STANDARD = gnu11;
				GCC_NO_COMMON_BLOCKS = YES;
				GCC_WARN_64_TO_32_BIT_CONVERSION = YES;
				GCC_WARN_ABOUT_RETURN_TYPE = YES_ERROR;
				GCC_WARN_UNDECLARED_SELECTOR = YES;
				GCC_WARN_UNINITIALIZED_AUTOS = YES_AGGRESSIVE;
				GCC_WARN_UNUSED_FUNCTION = YES;
				GCC_WARN_UNUSED_VARIABLE = YES;
				MTL_ENABLE_DEBUG_INFO = NO;
				MTL_FAST_MATH = YES;
				SDKROOT = iphoneos;
				SWIFT_COMPILATION_MODE = wholemodule;
				SWIFT_OPTIMIZATION_LEVEL = "-O";
				VALIDATE_PRODUCT = YES;
			};
			name = Release;
		};
		6C1AB73D283B911100A0314F /* Debug */ = {
			isa = XCBuildConfiguration;
			buildSettings = {
				ASSETCATALOG_COMPILER_APPICON_NAME = AppIcon;
				ASSETCATALOG_COMPILER_GLOBAL_ACCENT_COLOR_NAME = AccentColor;
				CODE_SIGN_STYLE = Automatic;
				CURRENT_PROJECT_VERSION = 1;
				DEVELOPMENT_TEAM = B3PWYBKFUK;
				GENERATE_INFOPLIST_FILE = YES;
				INFOPLIST_FILE = AirbnbApp/Info.plist;
				INFOPLIST_KEY_UIApplicationSupportsIndirectInputEvents = YES;
				INFOPLIST_KEY_UILaunchStoryboardName = LaunchScreen;
				INFOPLIST_KEY_UIMainStoryboardFile = Main;
				INFOPLIST_KEY_UISupportedInterfaceOrientations_iPad = "UIInterfaceOrientationPortrait UIInterfaceOrientationPortraitUpsideDown UIInterfaceOrientationLandscapeLeft UIInterfaceOrientationLandscapeRight";
				INFOPLIST_KEY_UISupportedInterfaceOrientations_iPhone = "UIInterfaceOrientationPortrait UIInterfaceOrientationLandscapeLeft UIInterfaceOrientationLandscapeRight";
				LD_RUNPATH_SEARCH_PATHS = (
					"$(inherited)",
					"@executable_path/Frameworks",
				);
				MARKETING_VERSION = 1.0;
				PRODUCT_BUNDLE_IDENTIFIER = com.team13.AirbnbApp;
				PRODUCT_NAME = "$(TARGET_NAME)";
				SWIFT_EMIT_LOC_STRINGS = YES;
				SWIFT_VERSION = 5.0;
				TARGETED_DEVICE_FAMILY = "1,2";
			};
			name = Debug;
		};
		6C1AB73E283B911100A0314F /* Release */ = {
			isa = XCBuildConfiguration;
			buildSettings = {
				ASSETCATALOG_COMPILER_APPICON_NAME = AppIcon;
				ASSETCATALOG_COMPILER_GLOBAL_ACCENT_COLOR_NAME = AccentColor;
				CODE_SIGN_STYLE = Automatic;
				CURRENT_PROJECT_VERSION = 1;
				DEVELOPMENT_TEAM = B3PWYBKFUK;
				GENERATE_INFOPLIST_FILE = YES;
				INFOPLIST_FILE = AirbnbApp/Info.plist;
				INFOPLIST_KEY_UIApplicationSupportsIndirectInputEvents = YES;
				INFOPLIST_KEY_UILaunchStoryboardName = LaunchScreen;
				INFOPLIST_KEY_UIMainStoryboardFile = Main;
				INFOPLIST_KEY_UISupportedInterfaceOrientations_iPad = "UIInterfaceOrientationPortrait UIInterfaceOrientationPortraitUpsideDown UIInterfaceOrientationLandscapeLeft UIInterfaceOrientationLandscapeRight";
				INFOPLIST_KEY_UISupportedInterfaceOrientations_iPhone = "UIInterfaceOrientationPortrait UIInterfaceOrientationLandscapeLeft UIInterfaceOrientationLandscapeRight";
				LD_RUNPATH_SEARCH_PATHS = (
					"$(inherited)",
					"@executable_path/Frameworks",
				);
				MARKETING_VERSION = 1.0;
				PRODUCT_BUNDLE_IDENTIFIER = com.team13.AirbnbApp;
				PRODUCT_NAME = "$(TARGET_NAME)";
				SWIFT_EMIT_LOC_STRINGS = YES;
				SWIFT_VERSION = 5.0;
				TARGETED_DEVICE_FAMILY = "1,2";
			};
			name = Release;
		};
/* End XCBuildConfiguration section */

/* Begin XCConfigurationList section */
		6C1AB723283B911000A0314F /* Build configuration list for PBXProject "AirbnbApp" */ = {
			isa = XCConfigurationList;
			buildConfigurations = (
				6C1AB73A283B911100A0314F /* Debug */,
				6C1AB73B283B911100A0314F /* Release */,
			);
			defaultConfigurationIsVisible = 0;
			defaultConfigurationName = Release;
		};
		6C1AB73C283B911100A0314F /* Build configuration list for PBXNativeTarget "AirbnbApp" */ = {
			isa = XCConfigurationList;
			buildConfigurations = (
				6C1AB73D283B911100A0314F /* Debug */,
				6C1AB73E283B911100A0314F /* Release */,
			);
			defaultConfigurationIsVisible = 0;
			defaultConfigurationName = Release;
		};
/* End XCConfigurationList section */

/* Begin XCRemoteSwiftPackageReference section */
		1E71CBD8283B9D9A00F6D2D0 /* XCRemoteSwiftPackageReference "Alamofire" */ = {
			isa = XCRemoteSwiftPackageReference;
			repositoryURL = "https://github.com/Alamofire/Alamofire";
			requirement = {
				branch = master;
				kind = branch;
			};
		};
		6C1AB73F283B914100A0314F /* XCRemoteSwiftPackageReference "Alamofire" */ = {
			isa = XCRemoteSwiftPackageReference;
			repositoryURL = "https://github.com/Alamofire/Alamofire";
			requirement = {
				branch = master;
				kind = branch;
			};
		};
/* End XCRemoteSwiftPackageReference section */

/* Begin XCSwiftPackageProductDependency section */
		1E71CBD9283B9D9A00F6D2D0 /* Alamofire */ = {
			isa = XCSwiftPackageProductDependency;
			package = 6C1AB73F283B914100A0314F /* XCRemoteSwiftPackageReference "Alamofire" */;
			productName = Alamofire;
		};
		6C1AB740283B914100A0314F /* Alamofire */ = {
			isa = XCSwiftPackageProductDependency;
			package = 6C1AB73F283B914100A0314F /* XCRemoteSwiftPackageReference "Alamofire" */;
			productName = Alamofire;
		};
/* End XCSwiftPackageProductDependency section */
	};
	rootObject = 6C1AB720283B911000A0314F /* Project object */;
}
